<?xml version="1.0" encoding="utf-8"?>
<Project ToolsVersion="4.0" xmlns="http://schemas.microsoft.com/developer/msbuild/2003">
  <ItemGroup>
    <Filter Include="Source Files">
      <UniqueIdentifier>{4FC737F1-C7A5-4376-A066-2A32D752A2FF}</UniqueIdentifier>
      <Extensions>cpp;c;cc;cxx;def;odl;idl;hpj;bat;asm;asmx</Extensions>
    </Filter>
    <Filter Include="Header Files">
      <UniqueIdentifier>{93995380-89BD-4b04-88EB-625FBE52EBFB}</UniqueIdentifier>
      <Extensions>h;hpp;hxx;hm;inl;inc;xsd</Extensions>
    </Filter>
    <Filter Include="Resource Files">
      <UniqueIdentifier>{67DA6AB6-F800-4c08-8B7A-83BB121AAD01}</UniqueIdentifier>
      <Extensions>rc;ico;cur;bmp;dlg;rc2;rct;bin;rgs;gif;jpg;jpeg;jpe;resx;tiff;tif;png;wav;mfcribbon-ms</Extensions>
    </Filter>
  </ItemGroup>
  <ItemGroup>
    <None Include="ReadMe.txt" />
    <None Include="VTestViewer.reg" />
    <None Include="res\VTestViewer.rc2">
      <Filter>Resource Files</Filter>
    </None>
    <None Include="res\VTestViewerDoc.ico">
      <Filter>Resource Files</Filter>
    </None>
    <None Include="res\VTestViewer.ico">
      <Filter>Resource Files</Filter>
    </None>
    <None Include="..\..\..\Icon\VS2010ImageLibrary\VS2010ImageLibrary\Objects\ico_format\WinVista\Stopwatch.ico">
      <Filter>Resource Files</Filter>
    </None>
    <None Include="res\main.ico">
      <Filter>Resource Files</Filter>
    </None>
  </ItemGroup>
  <ItemGroup>
    <ClInclude Include="VTestViewer.h">
      <Filter>Header Files</Filter>
    </ClInclude>
    <ClInclude Include="stdafx.h">
      <Filter>Header Files</Filter>
    </ClInclude>
    <ClInclude Include="targetver.h">
      <Filter>Header Files</Filter>
    </ClInclude>
    <ClInclude Include="MainFrm.h">
      <Filter>Header Files</Filter>
    </ClInclude>
    <ClInclude Include="VTestViewerDoc.h">
      <Filter>Header Files</Filter>
    </ClInclude>
    <ClInclude Include="VTestViewerView.h">
      <Filter>Header Files</Filter>
    </ClInclude>
    <ClInclude Include="Resource.h">
      <Filter>Header Files</Filter>
    </ClInclude>
    <ClInclude Include="DlgConfirmTest.h">
      <Filter>Header Files</Filter>
    </ClInclude>
    <ClInclude Include="DlgTest.h">
      <Filter>Header Files</Filter>
    </ClInclude>
    <ClInclude Include="DlgTestHistory.h">
      <Filter>Header Files</Filter>
    </ClInclude>
    <ClInclude Include="DlgTestResult.h">
      <Filter>Header Files</Filter>
    </ClInclude>
    <ClInclude Include="DlgWait.h">
      <Filter>Header Files</Filter>
    </ClInclude>
    <ClInclude Include="QuestList.h">
      <Filter>Header Files</Filter>
    </ClInclude>
    <ClInclude Include="QuestTabCtrl.h">
      <Filter>Header Files</Filter>
    </ClInclude>
    <ClInclude Include="QuestView.h">
      <Filter>Header Files</Filter>
    </ClInclude>
    <ClInclude Include="..\lib\appfunc.h">
      <Filter>Header Files</Filter>
    </ClInclude>
    <ClInclude Include="..\lib\Item.h">
      <Filter>Header Files</Filter>
    </ClInclude>
    <ClInclude Include="..\lib\ItemArray.h">
      <Filter>Header Files</Filter>
    </ClInclude>
    <ClInclude Include="..\lib\MathDraw.h">
      <Filter>Header Files</Filter>
    </ClInclude>
    <ClInclude Include="..\lib\TestHistory.h">
      <Filter>Header Files</Filter>
    </ClInclude>
    <ClInclude Include="..\lib\TestInfo.h">
      <Filter>Header Files</Filter>
    </ClInclude>
  </ItemGroup>
  <ItemGroup>
    <ClCompile Include="VTestViewer.cpp">
      <Filter>Source Files</Filter>
    </ClCompile>
    <ClCompile Include="stdafx.cpp">
      <Filter>Source Files</Filter>
    </ClCompile>
    <ClCompile Include="MainFrm.cpp">
      <Filter>Source Files</Filter>
    </ClCompile>
    <ClCompile Include="VTestViewerDoc.cpp">
      <Filter>Source Files</Filter>
    </ClCompile>
    <ClCompile Include="VTestViewerView.cpp">
      <Filter>Source Files</Filter>
    </ClCompile>
    <ClCompile Include="DlgConfirmTest.cpp">
      <Filter>Source Files</Filter>
    </ClCompile>
    <ClCompile Include="DlgTest.cpp">
      <Filter>Source Files</Filter>
    </ClCompile>
    <ClCompile Include="DlgTestHistory.cpp">
      <Filter>Source Files</Filter>
    </ClCompile>
    <ClCompile Include="DlgTestResult.cpp">
      <Filter>Source Files</Filter>
    </ClCompile>
    <ClCompile Include="DlgWait.cpp">
      <Filter>Source Files</Filter>
    </ClCompile>
    <ClCompile Include="QuestList.cpp">
      <Filter>Source Files</Filter>
    </ClCompile>
    <ClCompile Include="QuestTabCtrl.cpp">
      <Filter>Source Files</Filter>
    </ClCompile>
    <ClCompile Include="QuestView.cpp">
      <Filter>Source Files</Filter>
    </ClCompile>
    <ClCompile Include="..\lib\appfunc.cpp">
      <Filter>Source Files</Filter>
    </ClCompile>
    <ClCompile Include="..\lib\Item.cpp">
      <Filter>Source Files</Filter>
    </ClCompile>
    <ClCompile Include="..\lib\ItemArray.cpp">
      <Filter>Source Files</Filter>
    </ClCompile>
    <ClCompile Include="..\lib\MathDraw.cpp">
      <Filter>Source Files</Filter>
    </ClCompile>
    <ClCompile Include="..\lib\TestHistory.cpp">
      <Filter>Source Files</Filter>
    </ClCompile>
    <ClCompile Include="..\lib\TestInfo.cpp">
      <Filter>Source Files</Filter>
    </ClCompile>
  </ItemGroup>
  <ItemGroup>
    <ResourceCompile Include="VTestViewer.rc">
      <Filter>Resource Files</Filter>
    </ResourceCompile>
  </ItemGroup>
</Project>