<?xml version="1.0" encoding="utf-8"?>
<Project ToolsVersion="4.0" xmlns="http://schemas.microsoft.com/developer/msbuild/2003">
  <ItemGroup>
    <Filter Include="Header Files">
      <UniqueIdentifier>{93995380-89BD-4b04-88EB-625FBE52EBFB}</UniqueIdentifier>
      <Extensions>h;hpp;hxx;hm;inl;inc;xsd</Extensions>
    </Filter>
    <Filter Include="Resource Files">
      <UniqueIdentifier>{67DA6AB6-F800-4c08-8B7A-83BB121AAD01}</UniqueIdentifier>
      <Extensions>rc;ico;cur;bmp;dlg;rc2;rct;bin;rgs;gif;jpg;jpeg;jpe;resx;tiff;tif;png;wav;mfcribbon-ms</Extensions>
    </Filter>
    <Filter Include="Source Files">
      <UniqueIdentifier>{4FC737F1-C7A5-4376-A066-2A32D752A2FF}</UniqueIdentifier>
      <Extensions>cpp;c;cc;cxx;def;odl;idl;hpj;bat;asm;asmx</Extensions>
    </Filter>
  </ItemGroup>
  <ItemGroup>
    <None Include="ReadMe.txt" />
    <None Include="res\CreateCourse.rc2">
      <Filter>Resource Files</Filter>
    </None>
    <None Include="res\CreateCourse.ico">
      <Filter>Resource Files</Filter>
    </None>
    <None Include="res\bitmap1.bmp">
      <Filter>Resource Files</Filter>
    </None>
    <None Include="res\126_Edit.ico">
      <Filter>Resource Files</Filter>
    </None>
    <None Include="..\..\..\Icon\VS2010ImageLibrary\VS2010ImageLibrary\Objects\ico_format\Office and VS\Folder.ico">
      <Filter>Resource Files</Filter>
    </None>
    <None Include="..\..\..\Icon\VS2010ImageLibrary\VS2010ImageLibrary\Objects\ico_format\Office and VS\UtilityText.ico">
      <Filter>Resource Files</Filter>
    </None>
    <None Include="res\bmp00001.bmp">
      <Filter>Resource Files</Filter>
    </None>
    <None Include="..\VTestStd\res\folder.ico">
      <Filter>Resource Files</Filter>
    </None>
    <None Include="res\bmp00002.bmp">
      <Filter>Resource Files</Filter>
    </None>
    <None Include="res\Globe.ico">
      <Filter>Resource Files</Filter>
    </None>
  </ItemGroup>
  <ItemGroup>
    <ClInclude Include="CreateCourse.h">
      <Filter>Header Files</Filter>
    </ClInclude>
    <ClInclude Include="stdafx.h">
      <Filter>Header Files</Filter>
    </ClInclude>
    <ClInclude Include="targetver.h">
      <Filter>Header Files</Filter>
    </ClInclude>
    <ClInclude Include="Resource.h">
      <Filter>Header Files</Filter>
    </ClInclude>
    <ClInclude Include="WizardSheet.h">
      <Filter>Header Files</Filter>
    </ClInclude>
    <ClInclude Include="PageChooseFiles.h">
      <Filter>Header Files</Filter>
    </ClInclude>
    <ClInclude Include="PageStart.h">
      <Filter>Header Files</Filter>
    </ClInclude>
    <ClInclude Include="PageInfo.h">
      <Filter>Header Files</Filter>
    </ClInclude>
    <ClInclude Include="PageEnd.h">
      <Filter>Header Files</Filter>
    </ClInclude>
    <ClInclude Include="..\lib\TestInfo.h">
      <Filter>Header Files</Filter>
    </ClInclude>
    <ClInclude Include="..\lib\appfunc.h">
      <Filter>Header Files</Filter>
    </ClInclude>
    <ClInclude Include="PageReview.h">
      <Filter>Header Files</Filter>
    </ClInclude>
    <ClInclude Include="PageChooseOutput.h">
      <Filter>Header Files</Filter>
    </ClInclude>
    <ClInclude Include="PageProcess.h">
      <Filter>Header Files</Filter>
    </ClInclude>
    <ClInclude Include="app.h">
      <Filter>Header Files</Filter>
    </ClInclude>
    <ClInclude Include="..\lib\Course.h">
      <Filter>Header Files</Filter>
    </ClInclude>
  </ItemGroup>
  <ItemGroup>
    <ClCompile Include="CreateCourse.cpp">
      <Filter>Source Files</Filter>
    </ClCompile>
    <ClCompile Include="stdafx.cpp">
      <Filter>Source Files</Filter>
    </ClCompile>
    <ClCompile Include="WizardSheet.cpp">
      <Filter>Source Files</Filter>
    </ClCompile>
    <ClCompile Include="PageChooseFiles.cpp">
      <Filter>Source Files</Filter>
    </ClCompile>
    <ClCompile Include="PageStart.cpp">
      <Filter>Source Files</Filter>
    </ClCompile>
    <ClCompile Include="PageInfo.cpp">
      <Filter>Source Files</Filter>
    </ClCompile>
    <ClCompile Include="PageEnd.cpp">
      <Filter>Source Files</Filter>
    </ClCompile>
    <ClCompile Include="..\lib\TestInfo.cpp">
      <Filter>Source Files</Filter>
    </ClCompile>
    <ClCompile Include="..\lib\appfunc.cpp">
      <Filter>Source Files</Filter>
    </ClCompile>
    <ClCompile Include="PageReview.cpp">
      <Filter>Source Files</Filter>
    </ClCompile>
    <ClCompile Include="PageChooseOutput.cpp">
      <Filter>Source Files</Filter>
    </ClCompile>
    <ClCompile Include="PageProcess.cpp">
      <Filter>Source Files</Filter>
    </ClCompile>
    <ClCompile Include="..\lib\Course.cpp">
      <Filter>Source Files</Filter>
    </ClCompile>
  </ItemGroup>
  <ItemGroup>
    <ResourceCompile Include="CreateCourse.rc">
      <Filter>Resource Files</Filter>
    </ResourceCompile>
  </ItemGroup>
</Project>